// !$*UTF8*$!
{
	archiveVersion = 1;
	classes = {
	};
	objectVersion = 50;
	objects = {

/* Begin PBXBuildFile section */
		400119ED21A914F300850CC8 /* AppDelegate.swift in Sources */ = {isa = PBXBuildFile; fileRef = 400119EC21A914F300850CC8 /* AppDelegate.swift */; };
		400119EF21A914F300850CC8 /* ViewController.swift in Sources */ = {isa = PBXBuildFile; fileRef = 400119EE21A914F300850CC8 /* ViewController.swift */; };
		400119F221A914F300850CC8 /* Main.storyboard in Resources */ = {isa = PBXBuildFile; fileRef = 400119F021A914F300850CC8 /* Main.storyboard */; };
		400119F421A914F400850CC8 /* Assets.xcassets in Resources */ = {isa = PBXBuildFile; fileRef = 400119F321A914F400850CC8 /* Assets.xcassets */; };
		400119F721A914F400850CC8 /* LaunchScreen.storyboard in Resources */ = {isa = PBXBuildFile; fileRef = 400119F521A914F400850CC8 /* LaunchScreen.storyboard */; };
		400119FF21A919B300850CC8 /* GradientsBrain.swift in Sources */ = {isa = PBXBuildFile; fileRef = 400119FE21A919B300850CC8 /* GradientsBrain.swift */; };
		40011A0121A925A500850CC8 /* SoundsBrain.swift in Sources */ = {isa = PBXBuildFile; fileRef = 40011A0021A925A500850CC8 /* SoundsBrain.swift */; };
		40011A0321A9267800850CC8 /* changed.wav in Resources */ = {isa = PBXBuildFile; fileRef = 40011A0221A9267800850CC8 /* changed.wav */; };
		40011A0521A9283F00850CC8 /* Stack.swift in Sources */ = {isa = PBXBuildFile; fileRef = 40011A0421A9283F00850CC8 /* Stack.swift */; };
/* End PBXBuildFile section */

/* Begin PBXFileReference section */
		400119E921A914F200850CC8 /* Gradients.app */ = {isa = PBXFileReference; explicitFileType = wrapper.application; includeInIndex = 0; path = Gradients.app; sourceTree = BUILT_PRODUCTS_DIR; };
		400119EC21A914F300850CC8 /* AppDelegate.swift */ = {isa = PBXFileReference; lastKnownFileType = sourcecode.swift; path = AppDelegate.swift; sourceTree = "<group>"; };
		400119EE21A914F300850CC8 /* ViewController.swift */ = {isa = PBXFileReference; lastKnownFileType = sourcecode.swift; path = ViewController.swift; sourceTree = "<group>"; };
		400119F121A914F300850CC8 /* Base */ = {isa = PBXFileReference; lastKnownFileType = file.storyboard; name = Base; path = Base.lproj/Main.storyboard; sourceTree = "<group>"; };
		400119F321A914F400850CC8 /* Assets.xcassets */ = {isa = PBXFileReference; lastKnownFileType = folder.assetcatalog; path = Assets.xcassets; sourceTree = "<group>"; };
		400119F621A914F400850CC8 /* Base */ = {isa = PBXFileReference; lastKnownFileType = file.storyboard; name = Base; path = Base.lproj/LaunchScreen.storyboard; sourceTree = "<group>"; };
		400119F821A914F400850CC8 /* Info.plist */ = {isa = PBXFileReference; lastKnownFileType = text.plist.xml; path = Info.plist; sourceTree = "<group>"; };
		400119FE21A919B300850CC8 /* GradientsBrain.swift */ = {isa = PBXFileReference; lastKnownFileType = sourcecode.swift; path = GradientsBrain.swift; sourceTree = "<group>"; };
		40011A0021A925A500850CC8 /* SoundsBrain.swift */ = {isa = PBXFileReference; lastKnownFileType = sourcecode.swift; path = SoundsBrain.swift; sourceTree = "<group>"; };
		40011A0221A9267800850CC8 /* changed.wav */ = {isa = PBXFileReference; lastKnownFileType = audio.wav; path = changed.wav; sourceTree = "<group>"; };
		40011A0421A9283F00850CC8 /* Stack.swift */ = {isa = PBXFileReference; lastKnownFileType = sourcecode.swift; path = Stack.swift; sourceTree = "<group>"; };
/* End PBXFileReference section */

/* Begin PBXFrameworksBuildPhase section */
		400119E621A914F200850CC8 /* Frameworks */ = {
			isa = PBXFrameworksBuildPhase;
			buildActionMask = 2147483647;
			files = (
			);
			runOnlyForDeploymentPostprocessing = 0;
		};
/* End PBXFrameworksBuildPhase section */

/* Begin PBXGroup section */
		400119E021A914F200850CC8 = {
			isa = PBXGroup;
			children = (
				400119EB21A914F200850CC8 /* Gradients */,
				400119EA21A914F200850CC8 /* Products */,
			);
			sourceTree = "<group>";
		};
		400119EA21A914F200850CC8 /* Products */ = {
			isa = PBXGroup;
			children = (
				400119E921A914F200850CC8 /* Gradients.app */,
			);
			name = Products;
			sourceTree = "<group>";
		};
		400119EB21A914F200850CC8 /* Gradients */ = {
			isa = PBXGroup;
			children = (
				400119EC21A914F300850CC8 /* AppDelegate.swift */,
				400119F321A914F400850CC8 /* Assets.xcassets */,
				40011A0221A9267800850CC8 /* changed.wav */,
				400119FE21A919B300850CC8 /* GradientsBrain.swift */,
				400119F821A914F400850CC8 /* Info.plist */,
				400119F521A914F400850CC8 /* LaunchScreen.storyboard */,
				400119F021A914F300850CC8 /* Main.storyboard */,
				40011A0021A925A500850CC8 /* SoundsBrain.swift */,
				40011A0421A9283F00850CC8 /* Stack.swift */,
				400119EE21A914F300850CC8 /* ViewController.swift */,
			);
			path = Gradients;
			sourceTree = "<group>";
		};
/* End PBXGroup section */

/* Begin PBXNativeTarget section */
		400119E821A914F200850CC8 /* Gradients */ = {
			isa = PBXNativeTarget;
			buildConfigurationList = 400119FB21A914F400850CC8 /* Build configuration list for PBXNativeTarget "Gradients" */;
			buildPhases = (
				400119E521A914F200850CC8 /* Sources */,
				400119E621A914F200850CC8 /* Frameworks */,
				400119E721A914F200850CC8 /* Resources */,
			);
			buildRules = (
			);
			dependencies = (
			);
			name = Gradients;
			productName = Gradients;
			productReference = 400119E921A914F200850CC8 /* Gradients.app */;
			productType = "com.apple.product-type.application";
		};
/* End PBXNativeTarget section */

/* Begin PBXProject section */
		400119E121A914F200850CC8 /* Project object */ = {
			isa = PBXProject;
			attributes = {
				LastSwiftUpdateCheck = 1010;
				LastUpgradeCheck = 1010;
				ORGANIZATIONNAME = "Andrea Gottardo";
				TargetAttributes = {
					400119E821A914F200850CC8 = {
						CreatedOnToolsVersion = 10.1;
					};
				};
			};
			buildConfigurationList = 400119E421A914F200850CC8 /* Build configuration list for PBXProject "Gradients" */;
			compatibilityVersion = "Xcode 9.3";
			developmentRegion = en;
			hasScannedForEncodings = 0;
			knownRegions = (
				en,
				Base,
			);
			mainGroup = 400119E021A914F200850CC8;
			productRefGroup = 400119EA21A914F200850CC8 /* Products */;
			projectDirPath = "";
			projectRoot = "";
			targets = (
				400119E821A914F200850CC8 /* Gradients */,
			);
		};
/* End PBXProject section */

/* Begin PBXResourcesBuildPhase section */
		400119E721A914F200850CC8 /* Resources */ = {
			isa = PBXResourcesBuildPhase;
			buildActionMask = 2147483647;
			files = (
				400119F721A914F400850CC8 /* LaunchScreen.storyboard in Resources */,
				40011A0321A9267800850CC8 /* changed.wav in Resources */,
				400119F421A914F400850CC8 /* Assets.xcassets in Resources */,
				400119F221A914F300850CC8 /* Main.storyboard in Resources */,
			);
			runOnlyForDeploymentPostprocessing = 0;
		};
/* End PBXResourcesBuildPhase section */

/* Begin PBXSourcesBuildPhase section */
		400119E521A914F200850CC8 /* Sources */ = {
			isa = PBXSourcesBuildPhase;
			buildActionMask = 2147483647;
			files = (
				40011A0121A925A500850CC8 /* SoundsBrain.swift in Sources */,
				40011A0521A9283F00850CC8 /* Stack.swift in Sources */,
				400119FF21A919B300850CC8 /* GradientsBrain.swift in Sources */,
				400119EF21A914F300850CC8 /* ViewController.swift in Sources */,
				400119ED21A914F300850CC8 /* AppDelegate.swift in Sources */,
			);
			runOnlyForDeploymentPostprocessing = 0;
		};
/* End PBXSourcesBuildPhase section */

/* Begin PBXVariantGroup section */
		400119F021A914F300850CC8 /* Main.storyboard */ = {
			isa = PBXVariantGroup;
			children = (
				400119F121A914F300850CC8 /* Base */,
			);
			name = Main.storyboard;
			sourceTree = "<group>";
		};
		400119F521A914F400850CC8 /* LaunchScreen.storyboard */ = {
			isa = PBXVariantGroup;
			children = (
				400119F621A914F400850CC8 /* Base */,
			);
			name = LaunchScreen.storyboard;
			sourceTree = "<group>";
		};
/* End PBXVariantGroup section */

/* Begin XCBuildConfiguration section */
		400119F921A914F400850CC8 /* Debug */ = {
			isa = XCBuildConfiguration;
			buildSettings = {
				ALWAYS_SEARCH_USER_PATHS = NO;
				CLANG_ANALYZER_NONNULL = YES;
				CLANG_ANALYZER_NUMBER_OBJECT_CONVERSION = YES_AGGRESSIVE;
				CLANG_CXX_LANGUAGE_STANDARD = "gnu++14";
				CLANG_CXX_LIBRARY = "libc++";
				CLANG_ENABLE_MODULES = YES;
				CLANG_ENABLE_OBJC_ARC = YES;
				CLANG_ENABLE_OBJC_WEAK = YES;
				CLANG_WARN_BLOCK_CAPTURE_AUTORELEASING = YES;
				CLANG_WARN_BOOL_CONVERSION = YES;
				CLANG_WARN_COMMA = YES;
				CLANG_WARN_CONSTANT_CONVERSION = YES;
				CLANG_WARN_DEPRECATED_OBJC_IMPLEMENTATIONS = YES;
				CLANG_WARN_DIRECT_OBJC_ISA_USAGE = YES_ERROR;
				CLANG_WARN_DOCUMENTATION_COMMENTS = YES;
				CLANG_WARN_EMPTY_BODY = YES;
				CLANG_WARN_ENUM_CONVERSION = YES;
				CLANG_WARN_INFINITE_RECURSION = YES;
				CLANG_WARN_INT_CONVERSION = YES;
				CLANG_WARN_NON_LITERAL_NULL_CONVERSION = YES;
				CLANG_WARN_OBJC_IMPLICIT_RETAIN_SELF = YES;
				CLANG_WARN_OBJC_LITERAL_CONVERSION = YES;
				CLANG_WARN_OBJC_ROOT_CLASS = YES_ERROR;
				CLANG_WARN_RANGE_LOOP_ANALYSIS = YES;
				CLANG_WARN_STRICT_PROTOTYPES = YES;
				CLANG_WARN_SUSPICIOUS_MOVE = YES;
				CLANG_WARN_UNGUARDED_AVAILABILITY = YES_AGGRESSIVE;
				CLANG_WARN_UNREACHABLE_CODE = YES;
				CLANG_WARN__DUPLICATE_METHOD_MATCH = YES;
				CODE_SIGN_IDENTITY = "iPhone Developer";
				COPY_PHASE_STRIP = NO;
				DEBUG_INFORMATION_FORMAT = dwarf;
				ENABLE_STRICT_OBJC_MSGSEND = YES;
				ENABLE_TESTABILITY = YES;
				GCC_C_LANGUAGE_STANDARD = gnu11;
				GCC_DYNAMIC_NO_PIC = NO;
				GCC_NO_COMMON_BLOCKS = YES;
				GCC_OPTIMIZATION_LEVEL = 0;
				GCC_PREPROCESSOR_DEFINITIONS = (
					"DEBUG=1",
					"$(inherited)",
				);
				GCC_WARN_64_TO_32_BIT_CONVERSION = YES;
				GCC_WARN_ABOUT_RETURN_TYPE = YES_ERROR;
				GCC_WARN_UNDECLARED_SELECTOR = YES;
				GCC_WARN_UNINITIALIZED_AUTOS = YES_AGGRESSIVE;
				GCC_WARN_UNUSED_FUNCTION = YES;
				GCC_WARN_UNUSED_VARIABLE = YES;
				IPHONEOS_DEPLOYMENT_TARGET = 12.1;
				MTL_ENABLE_DEBUG_INFO = INCLUDE_SOURCE;
				MTL_FAST_MATH = YES;
				ONLY_ACTIVE_ARCH = YES;
				SDKROOT = iphoneos;
				SWIFT_ACTIVE_COMPILATION_CONDITIONS = DEBUG;
				SWIFT_OPTIMIZATION_LEVEL = "-Onone";
			};
			name = Debug;
		};
		400119FA21A914F400850CC8 /* Release */ = {
			isa = XCBuildConfiguration;
			buildSettings = {
				ALWAYS_SEARCH_USER_PATHS = NO;
				CLANG_ANALYZER_NONNULL = YES;
				CLANG_ANALYZER_NUMBER_OBJECT_CONVERSION = YES_AGGRESSIVE;
				CLANG_CXX_LANGUAGE_STANDARD = "gnu++14";
				CLANG_CXX_LIBRARY = "libc++";
				CLANG_ENABLE_MODULES = YES;
				CLANG_ENABLE_OBJC_ARC = YES;
				CLANG_ENABLE_OBJC_WEAK = YES;
				CLANG_WARN_BLOCK_CAPTURE_AUTORELEASING = YES;
				CLANG_WARN_BOOL_CONVERSION = YES;
				CLANG_WARN_COMMA = YES;
				CLANG_WARN_CONSTANT_CONVERSION = YES;
				CLANG_WARN_DEPRECATED_OBJC_IMPLEMENTATIONS = YES;
				CLANG_WARN_DIRECT_OBJC_ISA_USAGE = YES_ERROR;
				CLANG_WARN_DOCUMENTATION_COMMENTS = YES;
				CLANG_WARN_EMPTY_BODY = YES;
				CLANG_WARN_ENUM_CONVERSION = YES;
				CLANG_WARN_INFINITE_RECURSION = YES;
				CLANG_WARN_INT_CONVERSION = YES;
				CLANG_WARN_NON_LITERAL_NULL_CONVERSION = YES;
				CLANG_WARN_OBJC_IMPLICIT_RETAIN_SELF = YES;
				CLANG_WARN_OBJC_LITERAL_CONVERSION = YES;
				CLANG_WARN_OBJC_ROOT_CLASS = YES_ERROR;
				CLANG_WARN_RANGE_LOOP_ANALYSIS = YES;
				CLANG_WARN_STRICT_PROTOTYPES = YES;
				CLANG_WARN_SUSPICIOUS_MOVE = YES;
				CLANG_WARN_UNGUARDED_AVAILABILITY = YES_AGGRESSIVE;
				CLANG_WARN_UNREACHABLE_CODE = YES;
				CLANG_WARN__DUPLICATE_METHOD_MATCH = YES;
				CODE_SIGN_IDENTITY = "iPhone Developer";
				COPY_PHASE_STRIP = NO;
				DEBUG_INFORMATION_FORMAT = "dwarf-with-dsym";
				ENABLE_NS_ASSERTIONS = NO;
				ENABLE_STRICT_OBJC_MSGSEND = YES;
				GCC_C_LANGUAGE_STANDARD = gnu11;
				GCC_NO_COMMON_BLOCKS = YES;
				GCC_WARN_64_TO_32_BIT_CONVERSION = YES;
				GCC_WARN_ABOUT_RETURN_TYPE = YES_ERROR;
				GCC_WARN_UNDECLARED_SELECTOR = YES;
				GCC_WARN_UNINITIALIZED_AUTOS = YES_AGGRESSIVE;
				GCC_WARN_UNUSED_FUNCTION = YES;
				GCC_WARN_UNUSED_VARIABLE = YES;
				IPHONEOS_DEPLOYMENT_TARGET = 12.1;
				MTL_ENABLE_DEBUG_INFO = NO;
				MTL_FAST_MATH = YES;
				SDKROOT = iphoneos;
				SWIFT_COMPILATION_MODE = wholemodule;
				SWIFT_OPTIMIZATION_LEVEL = "-O";
				VALIDATE_PRODUCT = YES;
			};
			name = Release;
		};
		400119FC21A914F400850CC8 /* Debug */ = {
			isa = XCBuildConfiguration;
			buildSettings = {
				ASSETCATALOG_COMPILER_APPICON_NAME = AppIcon;
				CODE_SIGN_STYLE = Automatic;
				DEVELOPMENT_TEAM = ZM2TBP23P7;
				INFOPLIST_FILE = Gradients/Info.plist;
				IPHONEOS_DEPLOYMENT_TARGET = 11.0;
				LD_RUNPATH_SEARCH_PATHS = (
					"$(inherited)",
					"@executable_path/Frameworks",
				);
				PRODUCT_BUNDLE_IDENTIFIER = me.gottardo.Gradients;
				PRODUCT_NAME = "$(TARGET_NAME)";
				SWIFT_VERSION = 4.2;
				TARGETED_DEVICE_FAMILY = "1,2";
			};
			name = Debug;
		};
		400119FD21A914F400850CC8 /* Release */ = {
			isa = XCBuildConfiguration;
			buildSettings = {
				ASSETCATALOG_COMPILER_APPICON_NAME = AppIcon;
				CODE_SIGN_STYLE = Automatic;
				DEVELOPMENT_TEAM = ZM2TBP23P7;
				INFOPLIST_FILE = Gradients/Info.plist;
				IPHONEOS_DEPLOYMENT_TARGET = 11.0;
				LD_RUNPATH_SEARCH_PATHS = (
					"$(inherited)",
					"@executable_path/Frameworks",
				);
				PRODUCT_BUNDLE_IDENTIFIER = me.gottardo.Gradients;
				PRODUCT_NAME = "$(TARGET_NAME)";
				SWIFT_VERSION = 4.2;
				TARGETED_DEVICE_FAMILY = "1,2";
			};
			name = Release;
		};
/* End XCBuildConfiguration section */

/* Begin XCConfigurationList section */
		400119E421A914F200850CC8 /* Build configuration list for PBXProject "Gradients" */ = {
			isa = XCConfigurationList;
			buildConfigurations = (
				400119F921A914F400850CC8 /* Debug */,
				400119FA21A914F400850CC8 /* Release */,
			);
			defaultConfigurationIsVisible = 0;
			defaultConfigurationName = Release;
		};
		400119FB21A914F400850CC8 /* Build configuration list for PBXNativeTarget "Gradients" */ = {
			isa = XCConfigurationList;
			buildConfigurations = (
				400119FC21A914F400850CC8 /* Debug */,
				400119FD21A914F400850CC8 /* Release */,
			);
			defaultConfigurationIsVisible = 0;
			defaultConfigurationName = Release;
		};
/* End XCConfigurationList section */
	};
	rootObject = 400119E121A914F200850CC8 /* Project object */;
}
